// !$*UTF8*$!
{
	archiveVersion = 1;
	classes = {
	};
	objectVersion = 50;
	objects = {

/* Begin PBXBuildFile section */
		DA156DD4244B8F2B00EE6A8B /* NotesView.swift in Sources */ = {isa = PBXBuildFile; fileRef = DA156DD3244B8F2B00EE6A8B /* NotesView.swift */; };
		DA4E0537243AC8B400CF8904 /* AppDelegate.swift in Sources */ = {isa = PBXBuildFile; fileRef = DA4E0536243AC8B400CF8904 /* AppDelegate.swift */; };
		DA4E0539243AC8B400CF8904 /* SceneDelegate.swift in Sources */ = {isa = PBXBuildFile; fileRef = DA4E0538243AC8B400CF8904 /* SceneDelegate.swift */; };
		DA4E053B243AC8B400CF8904 /* ContentView.swift in Sources */ = {isa = PBXBuildFile; fileRef = DA4E053A243AC8B400CF8904 /* ContentView.swift */; };
		DA4E053D243AC8BA00CF8904 /* Assets.xcassets in Resources */ = {isa = PBXBuildFile; fileRef = DA4E053C243AC8BA00CF8904 /* Assets.xcassets */; };
		DA4E0540243AC8BA00CF8904 /* Preview Assets.xcassets in Resources */ = {isa = PBXBuildFile; fileRef = DA4E053F243AC8BA00CF8904 /* Preview Assets.xcassets */; };
		DA4E0543243AC8BA00CF8904 /* LaunchScreen.storyboard in Resources */ = {isa = PBXBuildFile; fileRef = DA4E0541243AC8BA00CF8904 /* LaunchScreen.storyboard */; };
		DA4E054E243AC8BA00CF8904 /* BibleNotesTests.swift in Sources */ = {isa = PBXBuildFile; fileRef = DA4E054D243AC8BA00CF8904 /* BibleNotesTests.swift */; };
		DA4E0559243AC8BA00CF8904 /* BibleNotesUITests.swift in Sources */ = {isa = PBXBuildFile; fileRef = DA4E0558243AC8BA00CF8904 /* BibleNotesUITests.swift */; };
		DA4E056A243ADF5E00CF8904 /* VerseStructures.swift in Sources */ = {isa = PBXBuildFile; fileRef = DA4E0569243ADF5E00CF8904 /* VerseStructures.swift */; };
		DA59243B244D508A002C3884 /* CanvasView.swift in Sources */ = {isa = PBXBuildFile; fileRef = DA59243A244D508A002C3884 /* CanvasView.swift */; };
		DACFB30A243AEFEE0033B318 /* SampleStructures.swift in Sources */ = {isa = PBXBuildFile; fileRef = DACFB309243AEFEE0033B318 /* SampleStructures.swift */; };
		DACFB30C24426A020033B318 /* RestPostman.swift in Sources */ = {isa = PBXBuildFile; fileRef = DACFB30B24426A020033B318 /* RestPostman.swift */; };
		DAE2E396251C5A2A00A8951C /* DataModel.swift in Sources */ = {isa = PBXBuildFile; fileRef = DAE2E395251C5A2A00A8951C /* DataModel.swift */; };
		DAF63E2D24E911DF00970027 /* DrawingDataModel.xcdatamodeld in Sources */ = {isa = PBXBuildFile; fileRef = DAF63E2B24E911DE00970027 /* DrawingDataModel.xcdatamodeld */; };
		DAF8A55B24FCB2A700C30458 /* ScriptureView.swift in Sources */ = {isa = PBXBuildFile; fileRef = DAF8A55A24FCB2A700C30458 /* ScriptureView.swift */; };
/* End PBXBuildFile section */

/* Begin PBXContainerItemProxy section */
		DA4E054A243AC8BA00CF8904 /* PBXContainerItemProxy */ = {
			isa = PBXContainerItemProxy;
			containerPortal = DA4E052B243AC8B300CF8904 /* Project object */;
			proxyType = 1;
			remoteGlobalIDString = DA4E0532243AC8B400CF8904;
			remoteInfo = BibleNotes;
		};
		DA4E0555243AC8BA00CF8904 /* PBXContainerItemProxy */ = {
			isa = PBXContainerItemProxy;
			containerPortal = DA4E052B243AC8B300CF8904 /* Project object */;
			proxyType = 1;
			remoteGlobalIDString = DA4E0532243AC8B400CF8904;
			remoteInfo = BibleNotes;
		};
/* End PBXContainerItemProxy section */

/* Begin PBXFileReference section */
		DA156DD3244B8F2B00EE6A8B /* NotesView.swift */ = {isa = PBXFileReference; lastKnownFileType = sourcecode.swift; path = NotesView.swift; sourceTree = "<group>"; };
		DA4E0533243AC8B400CF8904 /* BibleNotes.app */ = {isa = PBXFileReference; explicitFileType = wrapper.application; includeInIndex = 0; path = BibleNotes.app; sourceTree = BUILT_PRODUCTS_DIR; };
		DA4E0536243AC8B400CF8904 /* AppDelegate.swift */ = {isa = PBXFileReference; lastKnownFileType = sourcecode.swift; path = AppDelegate.swift; sourceTree = "<group>"; };
		DA4E0538243AC8B400CF8904 /* SceneDelegate.swift */ = {isa = PBXFileReference; lastKnownFileType = sourcecode.swift; path = SceneDelegate.swift; sourceTree = "<group>"; };
		DA4E053A243AC8B400CF8904 /* ContentView.swift */ = {isa = PBXFileReference; lastKnownFileType = sourcecode.swift; path = ContentView.swift; sourceTree = "<group>"; };
		DA4E053C243AC8BA00CF8904 /* Assets.xcassets */ = {isa = PBXFileReference; lastKnownFileType = folder.assetcatalog; path = Assets.xcassets; sourceTree = "<group>"; };
		DA4E053F243AC8BA00CF8904 /* Preview Assets.xcassets */ = {isa = PBXFileReference; lastKnownFileType = folder.assetcatalog; path = "Preview Assets.xcassets"; sourceTree = "<group>"; };
		DA4E0542243AC8BA00CF8904 /* Base */ = {isa = PBXFileReference; lastKnownFileType = file.storyboard; name = Base; path = Base.lproj/LaunchScreen.storyboard; sourceTree = "<group>"; };
		DA4E0544243AC8BA00CF8904 /* Info.plist */ = {isa = PBXFileReference; lastKnownFileType = text.plist.xml; path = Info.plist; sourceTree = "<group>"; };
		DA4E0549243AC8BA00CF8904 /* BibleNotesTests.xctest */ = {isa = PBXFileReference; explicitFileType = wrapper.cfbundle; includeInIndex = 0; path = BibleNotesTests.xctest; sourceTree = BUILT_PRODUCTS_DIR; };
		DA4E054D243AC8BA00CF8904 /* BibleNotesTests.swift */ = {isa = PBXFileReference; lastKnownFileType = sourcecode.swift; path = BibleNotesTests.swift; sourceTree = "<group>"; };
		DA4E054F243AC8BA00CF8904 /* Info.plist */ = {isa = PBXFileReference; lastKnownFileType = text.plist.xml; path = Info.plist; sourceTree = "<group>"; };
		DA4E0554243AC8BA00CF8904 /* BibleNotesUITests.xctest */ = {isa = PBXFileReference; explicitFileType = wrapper.cfbundle; includeInIndex = 0; path = BibleNotesUITests.xctest; sourceTree = BUILT_PRODUCTS_DIR; };
		DA4E0558243AC8BA00CF8904 /* BibleNotesUITests.swift */ = {isa = PBXFileReference; lastKnownFileType = sourcecode.swift; path = BibleNotesUITests.swift; sourceTree = "<group>"; };
		DA4E055A243AC8BA00CF8904 /* Info.plist */ = {isa = PBXFileReference; lastKnownFileType = text.plist.xml; path = Info.plist; sourceTree = "<group>"; };
		DA4E0569243ADF5E00CF8904 /* VerseStructures.swift */ = {isa = PBXFileReference; lastKnownFileType = sourcecode.swift; path = VerseStructures.swift; sourceTree = "<group>"; };
		DA59243A244D508A002C3884 /* CanvasView.swift */ = {isa = PBXFileReference; lastKnownFileType = sourcecode.swift; path = CanvasView.swift; sourceTree = "<group>"; };
		DACFB309243AEFEE0033B318 /* SampleStructures.swift */ = {isa = PBXFileReference; lastKnownFileType = sourcecode.swift; path = SampleStructures.swift; sourceTree = "<group>"; };
		DACFB30B24426A020033B318 /* RestPostman.swift */ = {isa = PBXFileReference; lastKnownFileType = sourcecode.swift; path = RestPostman.swift; sourceTree = "<group>"; };
		DAE2E395251C5A2A00A8951C /* DataModel.swift */ = {isa = PBXFileReference; lastKnownFileType = sourcecode.swift; path = DataModel.swift; sourceTree = "<group>"; };
		DAF63E2C24E911DE00970027 /* Model.xcdatamodel */ = {isa = PBXFileReference; lastKnownFileType = wrapper.xcdatamodel; path = Model.xcdatamodel; sourceTree = "<group>"; };
		DAF8A55A24FCB2A700C30458 /* ScriptureView.swift */ = {isa = PBXFileReference; lastKnownFileType = sourcecode.swift; path = ScriptureView.swift; sourceTree = "<group>"; };
/* End PBXFileReference section */

/* Begin PBXFrameworksBuildPhase section */
		DA4E0530243AC8B400CF8904 /* Frameworks */ = {
			isa = PBXFrameworksBuildPhase;
			buildActionMask = 2147483647;
			files = (
			);
			runOnlyForDeploymentPostprocessing = 0;
		};
		DA4E0546243AC8BA00CF8904 /* Frameworks */ = {
			isa = PBXFrameworksBuildPhase;
			buildActionMask = 2147483647;
			files = (
			);
			runOnlyForDeploymentPostprocessing = 0;
		};
		DA4E0551243AC8BA00CF8904 /* Frameworks */ = {
			isa = PBXFrameworksBuildPhase;
			buildActionMask = 2147483647;
			files = (
			);
			runOnlyForDeploymentPostprocessing = 0;
		};
/* End PBXFrameworksBuildPhase section */

/* Begin PBXGroup section */
		DA4E052A243AC8B300CF8904 = {
			isa = PBXGroup;
			children = (
				DA4E0535243AC8B400CF8904 /* BibleNotes */,
				DA4E054C243AC8BA00CF8904 /* BibleNotesTests */,
				DA4E0557243AC8BA00CF8904 /* BibleNotesUITests */,
				DA4E0534243AC8B400CF8904 /* Products */,
			);
			sourceTree = "<group>";
		};
		DA4E0534243AC8B400CF8904 /* Products */ = {
			isa = PBXGroup;
			children = (
				DA4E0533243AC8B400CF8904 /* BibleNotes.app */,
				DA4E0549243AC8BA00CF8904 /* BibleNotesTests.xctest */,
				DA4E0554243AC8BA00CF8904 /* BibleNotesUITests.xctest */,
			);
			name = Products;
			sourceTree = "<group>";
		};
		DA4E0535243AC8B400CF8904 /* BibleNotes */ = {
			isa = PBXGroup;
			children = (
				DA4E0568243ADF3E00CF8904 /* Controller */,
				DA4E0567243ADF3800CF8904 /* View */,
				DA4E0566243ADF2B00CF8904 /* Model */,
				DA4E0536243AC8B400CF8904 /* AppDelegate.swift */,
				DA4E0538243AC8B400CF8904 /* SceneDelegate.swift */,
				DA4E053C243AC8BA00CF8904 /* Assets.xcassets */,
				DA4E0541243AC8BA00CF8904 /* LaunchScreen.storyboard */,
				DA4E0544243AC8BA00CF8904 /* Info.plist */,
				DA4E053E243AC8BA00CF8904 /* Preview Content */,
				DACFB309243AEFEE0033B318 /* SampleStructures.swift */,
				DAF63E2B24E911DE00970027 /* DrawingDataModel.xcdatamodeld */,
			);
			path = BibleNotes;
			sourceTree = "<group>";
		};
		DA4E053E243AC8BA00CF8904 /* Preview Content */ = {
			isa = PBXGroup;
			children = (
				DA4E053F243AC8BA00CF8904 /* Preview Assets.xcassets */,
			);
			path = "Preview Content";
			sourceTree = "<group>";
		};
		DA4E054C243AC8BA00CF8904 /* BibleNotesTests */ = {
			isa = PBXGroup;
			children = (
				DA4E054D243AC8BA00CF8904 /* BibleNotesTests.swift */,
				DA4E054F243AC8BA00CF8904 /* Info.plist */,
			);
			path = BibleNotesTests;
			sourceTree = "<group>";
		};
		DA4E0557243AC8BA00CF8904 /* BibleNotesUITests */ = {
			isa = PBXGroup;
			children = (
				DA4E0558243AC8BA00CF8904 /* BibleNotesUITests.swift */,
				DA4E055A243AC8BA00CF8904 /* Info.plist */,
			);
			path = BibleNotesUITests;
			sourceTree = "<group>";
		};
		DA4E0566243ADF2B00CF8904 /* Model */ = {
			isa = PBXGroup;
			children = (
				DA4E0569243ADF5E00CF8904 /* VerseStructures.swift */,
				DACFB30B24426A020033B318 /* RestPostman.swift */,
				DAE2E395251C5A2A00A8951C /* DataModel.swift */,
			);
			path = Model;
			sourceTree = "<group>";
		};
		DA4E0567243ADF3800CF8904 /* View */ = {
			isa = PBXGroup;
			children = (
				DA4E053A243AC8B400CF8904 /* ContentView.swift */,
				DA156DD3244B8F2B00EE6A8B /* NotesView.swift */,
				DA59243A244D508A002C3884 /* CanvasView.swift */,
				DAF8A55A24FCB2A700C30458 /* ScriptureView.swift */,
			);
			path = View;
			sourceTree = "<group>";
		};
		DA4E0568243ADF3E00CF8904 /* Controller */ = {
			isa = PBXGroup;
			children = (
			);
			path = Controller;
			sourceTree = "<group>";
		};
/* End PBXGroup section */

/* Begin PBXNativeTarget section */
		DA4E0532243AC8B400CF8904 /* BibleNotes */ = {
			isa = PBXNativeTarget;
			buildConfigurationList = DA4E055D243AC8BA00CF8904 /* Build configuration list for PBXNativeTarget "BibleNotes" */;
			buildPhases = (
				DA4E052F243AC8B400CF8904 /* Sources */,
				DA4E0530243AC8B400CF8904 /* Frameworks */,
				DA4E0531243AC8B400CF8904 /* Resources */,
			);
			buildRules = (
			);
			dependencies = (
			);
			name = BibleNotes;
			productName = BibleNotes;
			productReference = DA4E0533243AC8B400CF8904 /* BibleNotes.app */;
			productType = "com.apple.product-type.application";
		};
		DA4E0548243AC8BA00CF8904 /* BibleNotesTests */ = {
			isa = PBXNativeTarget;
			buildConfigurationList = DA4E0560243AC8BA00CF8904 /* Build configuration list for PBXNativeTarget "BibleNotesTests" */;
			buildPhases = (
				DA4E0545243AC8BA00CF8904 /* Sources */,
				DA4E0546243AC8BA00CF8904 /* Frameworks */,
				DA4E0547243AC8BA00CF8904 /* Resources */,
			);
			buildRules = (
			);
			dependencies = (
				DA4E054B243AC8BA00CF8904 /* PBXTargetDependency */,
			);
			name = BibleNotesTests;
			productName = BibleNotesTests;
			productReference = DA4E0549243AC8BA00CF8904 /* BibleNotesTests.xctest */;
			productType = "com.apple.product-type.bundle.unit-test";
		};
		DA4E0553243AC8BA00CF8904 /* BibleNotesUITests */ = {
			isa = PBXNativeTarget;
			buildConfigurationList = DA4E0563243AC8BA00CF8904 /* Build configuration list for PBXNativeTarget "BibleNotesUITests" */;
			buildPhases = (
				DA4E0550243AC8BA00CF8904 /* Sources */,
				DA4E0551243AC8BA00CF8904 /* Frameworks */,
				DA4E0552243AC8BA00CF8904 /* Resources */,
			);
			buildRules = (
			);
			dependencies = (
				DA4E0556243AC8BA00CF8904 /* PBXTargetDependency */,
			);
			name = BibleNotesUITests;
			productName = BibleNotesUITests;
			productReference = DA4E0554243AC8BA00CF8904 /* BibleNotesUITests.xctest */;
			productType = "com.apple.product-type.bundle.ui-testing";
		};
/* End PBXNativeTarget section */

/* Begin PBXProject section */
		DA4E052B243AC8B300CF8904 /* Project object */ = {
			isa = PBXProject;
			attributes = {
				LastSwiftUpdateCheck = 1140;
				LastUpgradeCheck = 1200;
				ORGANIZATIONNAME = "Louis Trevino";
				TargetAttributes = {
					DA4E0532243AC8B400CF8904 = {
						CreatedOnToolsVersion = 11.4;
					};
					DA4E0548243AC8BA00CF8904 = {
						CreatedOnToolsVersion = 11.4;
						TestTargetID = DA4E0532243AC8B400CF8904;
					};
					DA4E0553243AC8BA00CF8904 = {
						CreatedOnToolsVersion = 11.4;
						TestTargetID = DA4E0532243AC8B400CF8904;
					};
				};
			};
			buildConfigurationList = DA4E052E243AC8B300CF8904 /* Build configuration list for PBXProject "BibleNotes" */;
			compatibilityVersion = "Xcode 9.3";
			developmentRegion = en;
			hasScannedForEncodings = 0;
			knownRegions = (
				en,
				Base,
			);
			mainGroup = DA4E052A243AC8B300CF8904;
			productRefGroup = DA4E0534243AC8B400CF8904 /* Products */;
			projectDirPath = "";
			projectRoot = "";
			targets = (
				DA4E0532243AC8B400CF8904 /* BibleNotes */,
				DA4E0548243AC8BA00CF8904 /* BibleNotesTests */,
				DA4E0553243AC8BA00CF8904 /* BibleNotesUITests */,
			);
		};
/* End PBXProject section */

/* Begin PBXResourcesBuildPhase section */
		DA4E0531243AC8B400CF8904 /* Resources */ = {
			isa = PBXResourcesBuildPhase;
			buildActionMask = 2147483647;
			files = (
				DA4E0543243AC8BA00CF8904 /* LaunchScreen.storyboard in Resources */,
				DA4E0540243AC8BA00CF8904 /* Preview Assets.xcassets in Resources */,
				DA4E053D243AC8BA00CF8904 /* Assets.xcassets in Resources */,
			);
			runOnlyForDeploymentPostprocessing = 0;
		};
		DA4E0547243AC8BA00CF8904 /* Resources */ = {
			isa = PBXResourcesBuildPhase;
			buildActionMask = 2147483647;
			files = (
			);
			runOnlyForDeploymentPostprocessing = 0;
		};
		DA4E0552243AC8BA00CF8904 /* Resources */ = {
			isa = PBXResourcesBuildPhase;
			buildActionMask = 2147483647;
			files = (
			);
			runOnlyForDeploymentPostprocessing = 0;
		};
/* End PBXResourcesBuildPhase section */

/* Begin PBXSourcesBuildPhase section */
		DA4E052F243AC8B400CF8904 /* Sources */ = {
			isa = PBXSourcesBuildPhase;
			buildActionMask = 2147483647;
			files = (
				DA4E0537243AC8B400CF8904 /* AppDelegate.swift in Sources */,
				DA59243B244D508A002C3884 /* CanvasView.swift in Sources */,
				DAF8A55B24FCB2A700C30458 /* ScriptureView.swift in Sources */,
				DA4E0539243AC8B400CF8904 /* SceneDelegate.swift in Sources */,
				DACFB30C24426A020033B318 /* RestPostman.swift in Sources */,
				DA4E056A243ADF5E00CF8904 /* VerseStructures.swift in Sources */,
				DAF63E2D24E911DF00970027 /* DrawingDataModel.xcdatamodeld in Sources */,
				DAE2E396251C5A2A00A8951C /* DataModel.swift in Sources */,
				DA4E053B243AC8B400CF8904 /* ContentView.swift in Sources */,
				DACFB30A243AEFEE0033B318 /* SampleStructures.swift in Sources */,
				DA156DD4244B8F2B00EE6A8B /* NotesView.swift in Sources */,
			);
			runOnlyForDeploymentPostprocessing = 0;
		};
		DA4E0545243AC8BA00CF8904 /* Sources */ = {
			isa = PBXSourcesBuildPhase;
			buildActionMask = 2147483647;
			files = (
				DA4E054E243AC8BA00CF8904 /* BibleNotesTests.swift in Sources */,
			);
			runOnlyForDeploymentPostprocessing = 0;
		};
		DA4E0550243AC8BA00CF8904 /* Sources */ = {
			isa = PBXSourcesBuildPhase;
			buildActionMask = 2147483647;
			files = (
				DA4E0559243AC8BA00CF8904 /* BibleNotesUITests.swift in Sources */,
			);
			runOnlyForDeploymentPostprocessing = 0;
		};
/* End PBXSourcesBuildPhase section */

/* Begin PBXTargetDependency section */
		DA4E054B243AC8BA00CF8904 /* PBXTargetDependency */ = {
			isa = PBXTargetDependency;
			target = DA4E0532243AC8B400CF8904 /* BibleNotes */;
			targetProxy = DA4E054A243AC8BA00CF8904 /* PBXContainerItemProxy */;
		};
		DA4E0556243AC8BA00CF8904 /* PBXTargetDependency */ = {
			isa = PBXTargetDependency;
			target = DA4E0532243AC8B400CF8904 /* BibleNotes */;
			targetProxy = DA4E0555243AC8BA00CF8904 /* PBXContainerItemProxy */;
		};
/* End PBXTargetDependency section */

/* Begin PBXVariantGroup section */
		DA4E0541243AC8BA00CF8904 /* LaunchScreen.storyboard */ = {
			isa = PBXVariantGroup;
			children = (
				DA4E0542243AC8BA00CF8904 /* Base */,
			);
			name = LaunchScreen.storyboard;
			sourceTree = "<group>";
		};
/* End PBXVariantGroup section */

/* Begin XCBuildConfiguration section */
		DA4E055B243AC8BA00CF8904 /* Debug */ = {
			isa = XCBuildConfiguration;
			buildSettings = {
				ALWAYS_SEARCH_USER_PATHS = NO;
				CLANG_ANALYZER_NONNULL = YES;
				CLANG_ANALYZER_NUMBER_OBJECT_CONVERSION = YES_AGGRESSIVE;
				CLANG_CXX_LANGUAGE_STANDARD = "gnu++14";
				CLANG_CXX_LIBRARY = "libc++";
				CLANG_ENABLE_MODULES = YES;
				CLANG_ENABLE_OBJC_ARC = YES;
				CLANG_ENABLE_OBJC_WEAK = YES;
				CLANG_WARN_BLOCK_CAPTURE_AUTORELEASING = YES;
				CLANG_WARN_BOOL_CONVERSION = YES;
				CLANG_WARN_COMMA = YES;
				CLANG_WARN_CONSTANT_CONVERSION = YES;
				CLANG_WARN_DEPRECATED_OBJC_IMPLEMENTATIONS = YES;
				CLANG_WARN_DIRECT_OBJC_ISA_USAGE = YES_ERROR;
				CLANG_WARN_DOCUMENTATION_COMMENTS = YES;
				CLANG_WARN_EMPTY_BODY = YES;
				CLANG_WARN_ENUM_CONVERSION = YES;
				CLANG_WARN_INFINITE_RECURSION = YES;
				CLANG_WARN_INT_CONVERSION = YES;
				CLANG_WARN_NON_LITERAL_NULL_CONVERSION = YES;
				CLANG_WARN_OBJC_IMPLICIT_RETAIN_SELF = YES;
				CLANG_WARN_OBJC_LITERAL_CONVERSION = YES;
				CLANG_WARN_OBJC_ROOT_CLASS = YES_ERROR;
				CLANG_WARN_QUOTED_INCLUDE_IN_FRAMEWORK_HEADER = YES;
				CLANG_WARN_RANGE_LOOP_ANALYSIS = YES;
				CLANG_WARN_STRICT_PROTOTYPES = YES;
				CLANG_WARN_SUSPICIOUS_MOVE = YES;
				CLANG_WARN_UNGUARDED_AVAILABILITY = YES_AGGRESSIVE;
				CLANG_WARN_UNREACHABLE_CODE = YES;
				CLANG_WARN__DUPLICATE_METHOD_MATCH = YES;
				COPY_PHASE_STRIP = NO;
				DEBUG_INFORMATION_FORMAT = dwarf;
				ENABLE_STRICT_OBJC_MSGSEND = YES;
				ENABLE_TESTABILITY = YES;
				GCC_C_LANGUAGE_STANDARD = gnu11;
				GCC_DYNAMIC_NO_PIC = NO;
				GCC_NO_COMMON_BLOCKS = YES;
				GCC_OPTIMIZATION_LEVEL = 0;
				GCC_PREPROCESSOR_DEFINITIONS = (
					"DEBUG=1",
					"$(inherited)",
				);
				GCC_WARN_64_TO_32_BIT_CONVERSION = YES;
				GCC_WARN_ABOUT_RETURN_TYPE = YES_ERROR;
				GCC_WARN_UNDECLARED_SELECTOR = YES;
				GCC_WARN_UNINITIALIZED_AUTOS = YES_AGGRESSIVE;
				GCC_WARN_UNUSED_FUNCTION = YES;
				GCC_WARN_UNUSED_VARIABLE = YES;
				IPHONEOS_DEPLOYMENT_TARGET = 13.4;
				MTL_ENABLE_DEBUG_INFO = INCLUDE_SOURCE;
				MTL_FAST_MATH = YES;
				ONLY_ACTIVE_ARCH = YES;
				SDKROOT = iphoneos;
				SWIFT_ACTIVE_COMPILATION_CONDITIONS = DEBUG;
				SWIFT_OPTIMIZATION_LEVEL = "-Onone";
			};
			name = Debug;
		};
		DA4E055C243AC8BA00CF8904 /* Release */ = {
			isa = XCBuildConfiguration;
			buildSettings = {
				ALWAYS_SEARCH_USER_PATHS = NO;
				CLANG_ANALYZER_NONNULL = YES;
				CLANG_ANALYZER_NUMBER_OBJECT_CONVERSION = YES_AGGRESSIVE;
				CLANG_CXX_LANGUAGE_STANDARD = "gnu++14";
				CLANG_CXX_LIBRARY = "libc++";
				CLANG_ENABLE_MODULES = YES;
				CLANG_ENABLE_OBJC_ARC = YES;
				CLANG_ENABLE_OBJC_WEAK = YES;
				CLANG_WARN_BLOCK_CAPTURE_AUTORELEASING = YES;
				CLANG_WARN_BOOL_CONVERSION = YES;
				CLANG_WARN_COMMA = YES;
				CLANG_WARN_CONSTANT_CONVERSION = YES;
				CLANG_WARN_DEPRECATED_OBJC_IMPLEMENTATIONS = YES;
				CLANG_WARN_DIRECT_OBJC_ISA_USAGE = YES_ERROR;
				CLANG_WARN_DOCUMENTATION_COMMENTS = YES;
				CLANG_WARN_EMPTY_BODY = YES;
				CLANG_WARN_ENUM_CONVERSION = YES;
				CLANG_WARN_INFINITE_RECURSION = YES;
				CLANG_WARN_INT_CONVERSION = YES;
				CLANG_WARN_NON_LITERAL_NULL_CONVERSION = YES;
				CLANG_WARN_OBJC_IMPLICIT_RETAIN_SELF = YES;
				CLANG_WARN_OBJC_LITERAL_CONVERSION = YES;
				CLANG_WARN_OBJC_ROOT_CLASS = YES_ERROR;
				CLANG_WARN_QUOTED_INCLUDE_IN_FRAMEWORK_HEADER = YES;
				CLANG_WARN_RANGE_LOOP_ANALYSIS = YES;
				CLANG_WARN_STRICT_PROTOTYPES = YES;
				CLANG_WARN_SUSPICIOUS_MOVE = YES;
				CLANG_WARN_UNGUARDED_AVAILABILITY = YES_AGGRESSIVE;
				CLANG_WARN_UNREACHABLE_CODE = YES;
				CLANG_WARN__DUPLICATE_METHOD_MATCH = YES;
				COPY_PHASE_STRIP = NO;
				DEBUG_INFORMATION_FORMAT = "dwarf-with-dsym";
				ENABLE_NS_ASSERTIONS = NO;
				ENABLE_STRICT_OBJC_MSGSEND = YES;
				GCC_C_LANGUAGE_STANDARD = gnu11;
				GCC_NO_COMMON_BLOCKS = YES;
				GCC_WARN_64_TO_32_BIT_CONVERSION = YES;
				GCC_WARN_ABOUT_RETURN_TYPE = YES_ERROR;
				GCC_WARN_UNDECLARED_SELECTOR = YES;
				GCC_WARN_UNINITIALIZED_AUTOS = YES_AGGRESSIVE;
				GCC_WARN_UNUSED_FUNCTION = YES;
				GCC_WARN_UNUSED_VARIABLE = YES;
				IPHONEOS_DEPLOYMENT_TARGET = 13.4;
				MTL_ENABLE_DEBUG_INFO = NO;
				MTL_FAST_MATH = YES;
				SDKROOT = iphoneos;
				SWIFT_COMPILATION_MODE = wholemodule;
				SWIFT_OPTIMIZATION_LEVEL = "-O";
				VALIDATE_PRODUCT = YES;
			};
			name = Release;
		};
		DA4E055E243AC8BA00CF8904 /* Debug */ = {
			isa = XCBuildConfiguration;
			buildSettings = {
				ASSETCATALOG_COMPILER_APPICON_NAME = AppIcon;
				CODE_SIGN_STYLE = Automatic;
				DEVELOPMENT_ASSET_PATHS = "\"BibleNotes/Preview Content\"";
				DEVELOPMENT_TEAM = YXZZSCN5AN;
				ENABLE_PREVIEWS = YES;
				INFOPLIST_FILE = BibleNotes/Info.plist;
				LD_RUNPATH_SEARCH_PATHS = (
					"$(inherited)",
					"@executable_path/Frameworks",
				);
				PRODUCT_BUNDLE_IDENTIFIER = louistrevino.BibleNotes;
				PRODUCT_NAME = "$(TARGET_NAME)";
				SWIFT_VERSION = 5.0;
				TARGETED_DEVICE_FAMILY = "1,2";
			};
			name = Debug;
		};
		DA4E055F243AC8BA00CF8904 /* Release */ = {
			isa = XCBuildConfiguration;
			buildSettings = {
				ASSETCATALOG_COMPILER_APPICON_NAME = AppIcon;
				CODE_SIGN_STYLE = Automatic;
				DEVELOPMENT_ASSET_PATHS = "\"BibleNotes/Preview Content\"";
				DEVELOPMENT_TEAM = YXZZSCN5AN;
				ENABLE_PREVIEWS = YES;
				INFOPLIST_FILE = BibleNotes/Info.plist;
				LD_RUNPATH_SEARCH_PATHS = (
					"$(inherited)",
					"@executable_path/Frameworks",
				);
				PRODUCT_BUNDLE_IDENTIFIER = louistrevino.BibleNotes;
				PRODUCT_NAME = "$(TARGET_NAME)";
				SWIFT_VERSION = 5.0;
				TARGETED_DEVICE_FAMILY = "1,2";
			};
			name = Release;
		};
		DA4E0561243AC8BA00CF8904 /* Debug */ = {
			isa = XCBuildConfiguration;
			buildSettings = {
				ALWAYS_EMBED_SWIFT_STANDARD_LIBRARIES = YES;
				BUNDLE_LOADER = "$(TEST_HOST)";
				CODE_SIGN_STYLE = Automatic;
				INFOPLIST_FILE = BibleNotesTests/Info.plist;
				IPHONEOS_DEPLOYMENT_TARGET = 13.4;
				LD_RUNPATH_SEARCH_PATHS = (
					"$(inherited)",
					"@executable_path/Frameworks",
					"@loader_path/Frameworks",
				);
				PRODUCT_BUNDLE_IDENTIFIER = louistrevino.BibleNotesTests;
				PRODUCT_NAME = "$(TARGET_NAME)";
				SWIFT_VERSION = 5.0;
				TARGETED_DEVICE_FAMILY = "1,2";
				TEST_HOST = "$(BUILT_PRODUCTS_DIR)/BibleNotes.app/BibleNotes";
			};
			name = Debug;
		};
		DA4E0562243AC8BA00CF8904 /* Release */ = {
			isa = XCBuildConfiguration;
			buildSettings = {
				ALWAYS_EMBED_SWIFT_STANDARD_LIBRARIES = YES;
				BUNDLE_LOADER = "$(TEST_HOST)";
				CODE_SIGN_STYLE = Automatic;
				INFOPLIST_FILE = BibleNotesTests/Info.plist;
				IPHONEOS_DEPLOYMENT_TARGET = 13.4;
				LD_RUNPATH_SEARCH_PATHS = (
					"$(inherited)",
					"@executable_path/Frameworks",
					"@loader_path/Frameworks",
				);
				PRODUCT_BUNDLE_IDENTIFIER = louistrevino.BibleNotesTests;
				PRODUCT_NAME = "$(TARGET_NAME)";
				SWIFT_VERSION = 5.0;
				TARGETED_DEVICE_FAMILY = "1,2";
				TEST_HOST = "$(BUILT_PRODUCTS_DIR)/BibleNotes.app/BibleNotes";
			};
			name = Release;
		};
		DA4E0564243AC8BA00CF8904 /* Debug */ = {
			isa = XCBuildConfiguration;
			buildSettings = {
				ALWAYS_EMBED_SWIFT_STANDARD_LIBRARIES = YES;
				CODE_SIGN_STYLE = Automatic;
				INFOPLIST_FILE = BibleNotesUITests/Info.plist;
				LD_RUNPATH_SEARCH_PATHS = (
					"$(inherited)",
					"@executable_path/Frameworks",
					"@loader_path/Frameworks",
				);
				PRODUCT_BUNDLE_IDENTIFIER = louistrevino.BibleNotesUITests;
				PRODUCT_NAME = "$(TARGET_NAME)";
				SWIFT_VERSION = 5.0;
				TARGETED_DEVICE_FAMILY = "1,2";
				TEST_TARGET_NAME = BibleNotes;
			};
			name = Debug;
		};
		DA4E0565243AC8BA00CF8904 /* Release */ = {
			isa = XCBuildConfiguration;
			buildSettings = {
				ALWAYS_EMBED_SWIFT_STANDARD_LIBRARIES = YES;
				CODE_SIGN_STYLE = Automatic;
				INFOPLIST_FILE = BibleNotesUITests/Info.plist;
				LD_RUNPATH_SEARCH_PATHS = (
					"$(inherited)",
					"@executable_path/Frameworks",
					"@loader_path/Frameworks",
				);
				PRODUCT_BUNDLE_IDENTIFIER = louistrevino.BibleNotesUITests;
				PRODUCT_NAME = "$(TARGET_NAME)";
				SWIFT_VERSION = 5.0;
				TARGETED_DEVICE_FAMILY = "1,2";
				TEST_TARGET_NAME = BibleNotes;
			};
			name = Release;
		};
/* End XCBuildConfiguration section */

/* Begin XCConfigurationList section */
		DA4E052E243AC8B300CF8904 /* Build configuration list for PBXProject "BibleNotes" */ = {
			isa = XCConfigurationList;
			buildConfigurations = (
				DA4E055B243AC8BA00CF8904 /* Debug */,
				DA4E055C243AC8BA00CF8904 /* Release */,
			);
			defaultConfigurationIsVisible = 0;
			defaultConfigurationName = Release;
		};
		DA4E055D243AC8BA00CF8904 /* Build configuration list for PBXNativeTarget "BibleNotes" */ = {
			isa = XCConfigurationList;
			buildConfigurations = (
				DA4E055E243AC8BA00CF8904 /* Debug */,
				DA4E055F243AC8BA00CF8904 /* Release */,
			);
			defaultConfigurationIsVisible = 0;
			defaultConfigurationName = Release;
		};
		DA4E0560243AC8BA00CF8904 /* Build configuration list for PBXNativeTarget "BibleNotesTests" */ = {
			isa = XCConfigurationList;
			buildConfigurations = (
				DA4E0561243AC8BA00CF8904 /* Debug */,
				DA4E0562243AC8BA00CF8904 /* Release */,
			);
			defaultConfigurationIsVisible = 0;
			defaultConfigurationName = Release;
		};
		DA4E0563243AC8BA00CF8904 /* Build configuration list for PBXNativeTarget "BibleNotesUITests" */ = {
			isa = XCConfigurationList;
			buildConfigurations = (
				DA4E0564243AC8BA00CF8904 /* Debug */,
				DA4E0565243AC8BA00CF8904 /* Release */,
			);
			defaultConfigurationIsVisible = 0;
			defaultConfigurationName = Release;
		};
/* End XCConfigurationList section */

/* Begin XCVersionGroup section */
		DAF63E2B24E911DE00970027 /* DrawingDataModel.xcdatamodeld */ = {
			isa = XCVersionGroup;
			children = (
				DAF63E2C24E911DE00970027 /* Model.xcdatamodel */,
			);
			currentVersion = DAF63E2C24E911DE00970027 /* Model.xcdatamodel */;
			path = DrawingDataModel.xcdatamodeld;
			sourceTree = "<group>";
			versionGroupType = wrapper.xcdatamodel;
		};
/* End XCVersionGroup section */
	};
	rootObject = DA4E052B243AC8B300CF8904 /* Project object */;
}
